
Microsoft Visual Studio Solution File, Format Version 12.00
# Visual Studio 2017
Project("{FAE04EC0-301F-11D3-BF4B-00C04F79EFBC}") = "Live2D_Hibiki", "Live2D_Hibiki.csproj", "{31200378-7B8A-AEEF-BFB5-4880B87AEBFC}"
EndProject
Project("{FAE04EC0-301F-11D3-BF4B-00C04F79EFBC}") = "Live2D_Hibiki.Editor", "Live2D_Hibiki.Editor.csproj", "{B944BB89-4F91-446A-0CF5-2492431D62BC}"
EndProject
Global
	GlobalSection(SolutionConfigurationPlatforms) = preSolution
		Debug|Any CPU = Debug|Any CPU
		Release|Any CPU = Release|Any CPU
	EndGlobalSection
	GlobalSection(ProjectConfigurationPlatforms) = postSolution
		{31200378-7B8A-AEEF-BFB5-4880B87AEBFC}.Debug|Any CPU.ActiveCfg = Debug|Any CPU
		{31200378-7B8A-AEEF-BFB5-4880B87AEBFC}.Debug|Any CPU.Build.0 = Debug|Any CPU
		{31200378-7B8A-AEEF-BFB5-4880B87AEBFC}.Release|Any CPU.ActiveCfg = Release|Any CPU
		{31200378-7B8A-AEEF-BFB5-4880B87AEBFC}.Release|Any CPU.Build.0 = Release|Any CPU
		{B944BB89-4F91-446A-0CF5-2492431D62BC}.Debug|Any CPU.ActiveCfg = Debug|Any CPU
		{B944BB89-4F91-446A-0CF5-2492431D62BC}.Debug|Any CPU.Build.0 = Debug|Any CPU
		{B944BB89-4F91-446A-0CF5-2492431D62BC}.Release|Any CPU.ActiveCfg = Release|Any CPU
		{B944BB89-4F91-446A-0CF5-2492431D62BC}.Release|Any CPU.Build.0 = Release|Any CPU
	EndGlobalSection
	GlobalSection(SolutionProperties) = preSolution
		HideSolutionNode = FALSE
	EndGlobalSection
EndGlobal
